// !$*UTF8*$!
{
	archiveVersion = 1;
	classes = {
	};
	objectVersion = 56;
	objects = {

/* Begin PBXBuildFile section */
		5F2C758429768FDD001D8C16 /* libNotifications.a in Frameworks */ = {isa = PBXBuildFile; fileRef = 5F2C757C29768FD3001D8C16 /* libNotifications.a */; };
		5F2C758729769048001D8C16 /* NotificationView.swift in Sources */ = {isa = PBXBuildFile; fileRef = 5FA6BDA129715EFD006F76E6 /* NotificationView.swift */; };
		5F2C7589297692F3001D8C16 /* NotificationViewControllerWrapper.swift in Sources */ = {isa = PBXBuildFile; fileRef = 5F2C7588297692F3001D8C16 /* NotificationViewControllerWrapper.swift */; };
		5F2C758B297693E8001D8C16 /* NotificationViewController.swift in Sources */ = {isa = PBXBuildFile; fileRef = 5F2C758A297693E8001D8C16 /* NotificationViewController.swift */; };
		5F2C758D297695BE001D8C16 /* NotificationRegistry.swift in Sources */ = {isa = PBXBuildFile; fileRef = 5F2C758C297695BE001D8C16 /* NotificationRegistry.swift */; };
		5FA6BD9429715641006F76E6 /* ModalsInSwiftUIApp.swift in Sources */ = {isa = PBXBuildFile; fileRef = 5FA6BD9329715641006F76E6 /* ModalsInSwiftUIApp.swift */; };
		5FA6BD9629715641006F76E6 /* ContentView.swift in Sources */ = {isa = PBXBuildFile; fileRef = 5FA6BD9529715641006F76E6 /* ContentView.swift */; };
		5FA6BD9829715641006F76E6 /* Assets.xcassets in Resources */ = {isa = PBXBuildFile; fileRef = 5FA6BD9729715641006F76E6 /* Assets.xcassets */; };
		5FA6BD9B29715641006F76E6 /* Preview Assets.xcassets in Resources */ = {isa = PBXBuildFile; fileRef = 5FA6BD9A29715641006F76E6 /* Preview Assets.xcassets */; };
		5FA6BDA429747E80006F76E6 /* FruitListView.swift in Sources */ = {isa = PBXBuildFile; fileRef = 5FA6BDA329747E80006F76E6 /* FruitListView.swift */; };
/* End PBXBuildFile section */

/* Begin PBXContainerItemProxy section */
		5F2C758529768FDD001D8C16 /* PBXContainerItemProxy */ = {
			isa = PBXContainerItemProxy;
			containerPortal = 5FA6BD8829715640006F76E6 /* Project object */;
			proxyType = 1;
			remoteGlobalIDString = 5F2C757B29768FD3001D8C16;
			remoteInfo = Notifications;
		};
/* End PBXContainerItemProxy section */

/* Begin PBXCopyFilesBuildPhase section */
		5F2C757A29768FD3001D8C16 /* CopyFiles */ = {
			isa = PBXCopyFilesBuildPhase;
			buildActionMask = 2147483647;
			dstPath = "include/$(PRODUCT_NAME)";
			dstSubfolderSpec = 16;
			files = (
			);
			runOnlyForDeploymentPostprocessing = 0;
		};
/* End PBXCopyFilesBuildPhase section */

/* Begin PBXFileReference section */
		5F2C757C29768FD3001D8C16 /* libNotifications.a */ = {isa = PBXFileReference; explicitFileType = archive.ar; includeInIndex = 0; path = libNotifications.a; sourceTree = BUILT_PRODUCTS_DIR; };
		5F2C7588297692F3001D8C16 /* NotificationViewControllerWrapper.swift */ = {isa = PBXFileReference; lastKnownFileType = sourcecode.swift; path = NotificationViewControllerWrapper.swift; sourceTree = "<group>"; };
		5F2C758A297693E8001D8C16 /* NotificationViewController.swift */ = {isa = PBXFileReference; lastKnownFileType = sourcecode.swift; path = NotificationViewController.swift; sourceTree = "<group>"; };
		5F2C758C297695BE001D8C16 /* NotificationRegistry.swift */ = {isa = PBXFileReference; lastKnownFileType = sourcecode.swift; path = NotificationRegistry.swift; sourceTree = "<group>"; };
		5FA6BD9029715640006F76E6 /* ModalsInSwiftUI.app */ = {isa = PBXFileReference; explicitFileType = wrapper.application; includeInIndex = 0; path = ModalsInSwiftUI.app; sourceTree = BUILT_PRODUCTS_DIR; };
		5FA6BD9329715641006F76E6 /* ModalsInSwiftUIApp.swift */ = {isa = PBXFileReference; lastKnownFileType = sourcecode.swift; path = ModalsInSwiftUIApp.swift; sourceTree = "<group>"; };
		5FA6BD9529715641006F76E6 /* ContentView.swift */ = {isa = PBXFileReference; lastKnownFileType = sourcecode.swift; path = ContentView.swift; sourceTree = "<group>"; };
		5FA6BD9729715641006F76E6 /* Assets.xcassets */ = {isa = PBXFileReference; lastKnownFileType = folder.assetcatalog; path = Assets.xcassets; sourceTree = "<group>"; };
		5FA6BD9A29715641006F76E6 /* Preview Assets.xcassets */ = {isa = PBXFileReference; lastKnownFileType = folder.assetcatalog; path = "Preview Assets.xcassets"; sourceTree = "<group>"; };
		5FA6BDA129715EFD006F76E6 /* NotificationView.swift */ = {isa = PBXFileReference; lastKnownFileType = sourcecode.swift; path = NotificationView.swift; sourceTree = "<group>"; };
		5FA6BDA329747E80006F76E6 /* FruitListView.swift */ = {isa = PBXFileReference; lastKnownFileType = sourcecode.swift; path = FruitListView.swift; sourceTree = "<group>"; };
/* End PBXFileReference section */

/* Begin PBXFrameworksBuildPhase section */
		5F2C757929768FD3001D8C16 /* Frameworks */ = {
			isa = PBXFrameworksBuildPhase;
			buildActionMask = 2147483647;
			files = (
			);
			runOnlyForDeploymentPostprocessing = 0;
		};
		5FA6BD8D29715640006F76E6 /* Frameworks */ = {
			isa = PBXFrameworksBuildPhase;
			buildActionMask = 2147483647;
			files = (
				5F2C758429768FDD001D8C16 /* libNotifications.a in Frameworks */,
			);
			runOnlyForDeploymentPostprocessing = 0;
		};
/* End PBXFrameworksBuildPhase section */

/* Begin PBXGroup section */
		5F2C757D29768FD3001D8C16 /* Notifications */ = {
			isa = PBXGroup;
			children = (
				5FA6BDA129715EFD006F76E6 /* NotificationView.swift */,
				5F2C7588297692F3001D8C16 /* NotificationViewControllerWrapper.swift */,
				5F2C758A297693E8001D8C16 /* NotificationViewController.swift */,
				5F2C758C297695BE001D8C16 /* NotificationRegistry.swift */,
			);
			path = Notifications;
			sourceTree = "<group>";
		};
		5F2C758329768FDD001D8C16 /* Frameworks */ = {
			isa = PBXGroup;
			children = (
			);
			name = Frameworks;
			sourceTree = "<group>";
		};
		5FA6BD8729715640006F76E6 = {
			isa = PBXGroup;
			children = (
				5FA6BD9229715640006F76E6 /* ModalsInSwiftUI */,
				5F2C757D29768FD3001D8C16 /* Notifications */,
				5FA6BD9129715640006F76E6 /* Products */,
				5F2C758329768FDD001D8C16 /* Frameworks */,
			);
			sourceTree = "<group>";
		};
		5FA6BD9129715640006F76E6 /* Products */ = {
			isa = PBXGroup;
			children = (
				5FA6BD9029715640006F76E6 /* ModalsInSwiftUI.app */,
				5F2C757C29768FD3001D8C16 /* libNotifications.a */,
			);
			name = Products;
			sourceTree = "<group>";
		};
		5FA6BD9229715640006F76E6 /* ModalsInSwiftUI */ = {
			isa = PBXGroup;
			children = (
				5FA6BD9329715641006F76E6 /* ModalsInSwiftUIApp.swift */,
				5FA6BD9529715641006F76E6 /* ContentView.swift */,
				5FA6BDA329747E80006F76E6 /* FruitListView.swift */,
				5FA6BD9729715641006F76E6 /* Assets.xcassets */,
				5FA6BD9929715641006F76E6 /* Preview Content */,
			);
			path = ModalsInSwiftUI;
			sourceTree = "<group>";
		};
		5FA6BD9929715641006F76E6 /* Preview Content */ = {
			isa = PBXGroup;
			children = (
				5FA6BD9A29715641006F76E6 /* Preview Assets.xcassets */,
			);
			path = "Preview Content";
			sourceTree = "<group>";
		};
/* End PBXGroup section */

/* Begin PBXNativeTarget section */
		5F2C757B29768FD3001D8C16 /* Notifications */ = {
			isa = PBXNativeTarget;
			buildConfigurationList = 5F2C758229768FD3001D8C16 /* Build configuration list for PBXNativeTarget "Notifications" */;
			buildPhases = (
				5F2C757829768FD3001D8C16 /* Sources */,
				5F2C757929768FD3001D8C16 /* Frameworks */,
				5F2C757A29768FD3001D8C16 /* CopyFiles */,
			);
			buildRules = (
			);
			dependencies = (
			);
			name = Notifications;
			productName = Notifications;
			productReference = 5F2C757C29768FD3001D8C16 /* libNotifications.a */;
			productType = "com.apple.product-type.library.static";
		};
		5FA6BD8F29715640006F76E6 /* ModalsInSwiftUI */ = {
			isa = PBXNativeTarget;
			buildConfigurationList = 5FA6BD9E29715641006F76E6 /* Build configuration list for PBXNativeTarget "ModalsInSwiftUI" */;
			buildPhases = (
				5FA6BD8C29715640006F76E6 /* Sources */,
				5FA6BD8D29715640006F76E6 /* Frameworks */,
				5FA6BD8E29715640006F76E6 /* Resources */,
			);
			buildRules = (
			);
			dependencies = (
				5F2C758629768FDD001D8C16 /* PBXTargetDependency */,
			);
			name = ModalsInSwiftUI;
			productName = ModalsInSwiftUI;
			productReference = 5FA6BD9029715640006F76E6 /* ModalsInSwiftUI.app */;
			productType = "com.apple.product-type.application";
		};
/* End PBXNativeTarget section */

/* Begin PBXProject section */
		5FA6BD8829715640006F76E6 /* Project object */ = {
			isa = PBXProject;
			attributes = {
				BuildIndependentTargetsInParallel = 1;
				LastSwiftUpdateCheck = 1420;
				LastUpgradeCheck = 1420;
				TargetAttributes = {
					5F2C757B29768FD3001D8C16 = {
						CreatedOnToolsVersion = 14.2;
					};
					5FA6BD8F29715640006F76E6 = {
						CreatedOnToolsVersion = 14.2;
					};
				};
			};
			buildConfigurationList = 5FA6BD8B29715640006F76E6 /* Build configuration list for PBXProject "ModalsInSwiftUI" */;
			compatibilityVersion = "Xcode 14.0";
			developmentRegion = en;
			hasScannedForEncodings = 0;
			knownRegions = (
				en,
				Base,
			);
			mainGroup = 5FA6BD8729715640006F76E6;
			productRefGroup = 5FA6BD9129715640006F76E6 /* Products */;
			projectDirPath = "";
			projectRoot = "";
			targets = (
				5FA6BD8F29715640006F76E6 /* ModalsInSwiftUI */,
				5F2C757B29768FD3001D8C16 /* Notifications */,
			);
		};
/* End PBXProject section */

/* Begin PBXResourcesBuildPhase section */
		5FA6BD8E29715640006F76E6 /* Resources */ = {
			isa = PBXResourcesBuildPhase;
			buildActionMask = 2147483647;
			files = (
				5FA6BD9B29715641006F76E6 /* Preview Assets.xcassets in Resources */,
				5FA6BD9829715641006F76E6 /* Assets.xcassets in Resources */,
			);
			runOnlyForDeploymentPostprocessing = 0;
		};
/* End PBXResourcesBuildPhase section */

/* Begin PBXSourcesBuildPhase section */
		5F2C757829768FD3001D8C16 /* Sources */ = {
			isa = PBXSourcesBuildPhase;
			buildActionMask = 2147483647;
			files = (
				5F2C758729769048001D8C16 /* NotificationView.swift in Sources */,
				5F2C758D297695BE001D8C16 /* NotificationRegistry.swift in Sources */,
				5F2C7589297692F3001D8C16 /* NotificationViewControllerWrapper.swift in Sources */,
				5F2C758B297693E8001D8C16 /* NotificationViewController.swift in Sources */,
			);
			runOnlyForDeploymentPostprocessing = 0;
		};
		5FA6BD8C29715640006F76E6 /* Sources */ = {
			isa = PBXSourcesBuildPhase;
			buildActionMask = 2147483647;
			files = (
				5FA6BD9629715641006F76E6 /* ContentView.swift in Sources */,
				5FA6BD9429715641006F76E6 /* ModalsInSwiftUIApp.swift in Sources */,
				5FA6BDA429747E80006F76E6 /* FruitListView.swift in Sources */,
			);
			runOnlyForDeploymentPostprocessing = 0;
		};
/* End PBXSourcesBuildPhase section */

/* Begin PBXTargetDependency section */
		5F2C758629768FDD001D8C16 /* PBXTargetDependency */ = {
			isa = PBXTargetDependency;
			target = 5F2C757B29768FD3001D8C16 /* Notifications */;
			targetProxy = 5F2C758529768FDD001D8C16 /* PBXContainerItemProxy */;
		};
/* End PBXTargetDependency section */

/* Begin XCBuildConfiguration section */
		5F2C758029768FD3001D8C16 /* Debug */ = {
			isa = XCBuildConfiguration;
			buildSettings = {
				CODE_SIGN_STYLE = Automatic;
				DEVELOPMENT_TEAM = LJS4M4E7P5;
				OTHER_LDFLAGS = "-ObjC";
				PRODUCT_NAME = "$(TARGET_NAME)";
				SKIP_INSTALL = YES;
				SWIFT_VERSION = 5.0;
				TARGETED_DEVICE_FAMILY = "1,2";
			};
			name = Debug;
		};
		5F2C758129768FD3001D8C16 /* Release */ = {
			isa = XCBuildConfiguration;
			buildSettings = {
				CODE_SIGN_STYLE = Automatic;
				DEVELOPMENT_TEAM = LJS4M4E7P5;
				OTHER_LDFLAGS = "-ObjC";
				PRODUCT_NAME = "$(TARGET_NAME)";
				SKIP_INSTALL = YES;
				SWIFT_VERSION = 5.0;
				TARGETED_DEVICE_FAMILY = "1,2";
			};
			name = Release;
		};
		5FA6BD9C29715641006F76E6 /* Debug */ = {
			isa = XCBuildConfiguration;
			buildSettings = {
				ALWAYS_SEARCH_USER_PATHS = NO;
				CLANG_ANALYZER_NONNULL = YES;
				CLANG_ANALYZER_NUMBER_OBJECT_CONVERSION = YES_AGGRESSIVE;
				CLANG_CXX_LANGUAGE_STANDARD = "gnu++20";
				CLANG_ENABLE_MODULES = YES;
				CLANG_ENABLE_OBJC_ARC = YES;
				CLANG_ENABLE_OBJC_WEAK = YES;
				CLANG_WARN_BLOCK_CAPTURE_AUTORELEASING = YES;
				CLANG_WARN_BOOL_CONVERSION = YES;
				CLANG_WARN_COMMA = YES;
				CLANG_WARN_CONSTANT_CONVERSION = YES;
				CLANG_WARN_DEPRECATED_OBJC_IMPLEMENTATIONS = YES;
				CLANG_WARN_DIRECT_OBJC_ISA_USAGE = YES_ERROR;
				CLANG_WARN_DOCUMENTATION_COMMENTS = YES;
				CLANG_WARN_EMPTY_BODY = YES;
				CLANG_WARN_ENUM_CONVERSION = YES;
				CLANG_WARN_INFINITE_RECURSION = YES;
				CLANG_WARN_INT_CONVERSION = YES;
				CLANG_WARN_NON_LITERAL_NULL_CONVERSION = YES;
				CLANG_WARN_OBJC_IMPLICIT_RETAIN_SELF = YES;
				CLANG_WARN_OBJC_LITERAL_CONVERSION = YES;
				CLANG_WARN_OBJC_ROOT_CLASS = YES_ERROR;
				CLANG_WARN_QUOTED_INCLUDE_IN_FRAMEWORK_HEADER = YES;
				CLANG_WARN_RANGE_LOOP_ANALYSIS = YES;
				CLANG_WARN_STRICT_PROTOTYPES = YES;
				CLANG_WARN_SUSPICIOUS_MOVE = YES;
				CLANG_WARN_UNGUARDED_AVAILABILITY = YES_AGGRESSIVE;
				CLANG_WARN_UNREACHABLE_CODE = YES;
				CLANG_WARN__DUPLICATE_METHOD_MATCH = YES;
				COPY_PHASE_STRIP = NO;
				DEBUG_INFORMATION_FORMAT = dwarf;
				ENABLE_STRICT_OBJC_MSGSEND = YES;
				ENABLE_TESTABILITY = YES;
				GCC_C_LANGUAGE_STANDARD = gnu11;
				GCC_DYNAMIC_NO_PIC = NO;
				GCC_NO_COMMON_BLOCKS = YES;
				GCC_OPTIMIZATION_LEVEL = 0;
				GCC_PREPROCESSOR_DEFINITIONS = (
					"DEBUG=1",
					"$(inherited)",
				);
				GCC_WARN_64_TO_32_BIT_CONVERSION = YES;
				GCC_WARN_ABOUT_RETURN_TYPE = YES_ERROR;
				GCC_WARN_UNDECLARED_SELECTOR = YES;
				GCC_WARN_UNINITIALIZED_AUTOS = YES_AGGRESSIVE;
				GCC_WARN_UNUSED_FUNCTION = YES;
				GCC_WARN_UNUSED_VARIABLE = YES;
				IPHONEOS_DEPLOYMENT_TARGET = 16.2;
				MTL_ENABLE_DEBUG_INFO = INCLUDE_SOURCE;
				MTL_FAST_MATH = YES;
				ONLY_ACTIVE_ARCH = YES;
				SDKROOT = iphoneos;
				SWIFT_ACTIVE_COMPILATION_CONDITIONS = DEBUG;
				SWIFT_OPTIMIZATION_LEVEL = "-Onone";
			};
			name = Debug;
		};
		5FA6BD9D29715641006F76E6 /* Release */ = {
			isa = XCBuildConfiguration;
			buildSettings = {
				ALWAYS_SEARCH_USER_PATHS = NO;
				CLANG_ANALYZER_NONNULL = YES;
				CLANG_ANALYZER_NUMBER_OBJECT_CONVERSION = YES_AGGRESSIVE;
				CLANG_CXX_LANGUAGE_STANDARD = "gnu++20";
				CLANG_ENABLE_MODULES = YES;
				CLANG_ENABLE_OBJC_ARC = YES;
				CLANG_ENABLE_OBJC_WEAK = YES;
				CLANG_WARN_BLOCK_CAPTURE_AUTORELEASING = YES;
				CLANG_WARN_BOOL_CONVERSION = YES;
				CLANG_WARN_COMMA = YES;
				CLANG_WARN_CONSTANT_CONVERSION = YES;
				CLANG_WARN_DEPRECATED_OBJC_IMPLEMENTATIONS = YES;
				CLANG_WARN_DIRECT_OBJC_ISA_USAGE = YES_ERROR;
				CLANG_WARN_DOCUMENTATION_COMMENTS = YES;
				CLANG_WARN_EMPTY_BODY = YES;
				CLANG_WARN_ENUM_CONVERSION = YES;
				CLANG_WARN_INFINITE_RECURSION = YES;
				CLANG_WARN_INT_CONVERSION = YES;
				CLANG_WARN_NON_LITERAL_NULL_CONVERSION = YES;
				CLANG_WARN_OBJC_IMPLICIT_RETAIN_SELF = YES;
				CLANG_WARN_OBJC_LITERAL_CONVERSION = YES;
				CLANG_WARN_OBJC_ROOT_CLASS = YES_ERROR;
				CLANG_WARN_QUOTED_INCLUDE_IN_FRAMEWORK_HEADER = YES;
				CLANG_WARN_RANGE_LOOP_ANALYSIS = YES;
				CLANG_WARN_STRICT_PROTOTYPES = YES;
				CLANG_WARN_SUSPICIOUS_MOVE = YES;
				CLANG_WARN_UNGUARDED_AVAILABILITY = YES_AGGRESSIVE;
				CLANG_WARN_UNREACHABLE_CODE = YES;
				CLANG_WARN__DUPLICATE_METHOD_MATCH = YES;
				COPY_PHASE_STRIP = NO;
				DEBUG_INFORMATION_FORMAT = "dwarf-with-dsym";
				ENABLE_NS_ASSERTIONS = NO;
				ENABLE_STRICT_OBJC_MSGSEND = YES;
				GCC_C_LANGUAGE_STANDARD = gnu11;
				GCC_NO_COMMON_BLOCKS = YES;
				GCC_WARN_64_TO_32_BIT_CONVERSION = YES;
				GCC_WARN_ABOUT_RETURN_TYPE = YES_ERROR;
				GCC_WARN_UNDECLARED_SELECTOR = YES;
				GCC_WARN_UNINITIALIZED_AUTOS = YES_AGGRESSIVE;
				GCC_WARN_UNUSED_FUNCTION = YES;
				GCC_WARN_UNUSED_VARIABLE = YES;
				IPHONEOS_DEPLOYMENT_TARGET = 16.2;
				MTL_ENABLE_DEBUG_INFO = NO;
				MTL_FAST_MATH = YES;
				SDKROOT = iphoneos;
				SWIFT_COMPILATION_MODE = wholemodule;
				SWIFT_OPTIMIZATION_LEVEL = "-O";
				VALIDATE_PRODUCT = YES;
			};
			name = Release;
		};
		5FA6BD9F29715641006F76E6 /* Debug */ = {
			isa = XCBuildConfiguration;
			buildSettings = {
				ASSETCATALOG_COMPILER_APPICON_NAME = AppIcon;
				ASSETCATALOG_COMPILER_GLOBAL_ACCENT_COLOR_NAME = AccentColor;
				CODE_SIGN_STYLE = Automatic;
				CURRENT_PROJECT_VERSION = 1;
				DEVELOPMENT_ASSET_PATHS = "\"ModalsInSwiftUI/Preview Content\"";
				DEVELOPMENT_TEAM = LJS4M4E7P5;
				ENABLE_PREVIEWS = YES;
				GENERATE_INFOPLIST_FILE = YES;
				INFOPLIST_KEY_UIApplicationSceneManifest_Generation = YES;
				INFOPLIST_KEY_UIApplicationSupportsIndirectInputEvents = YES;
				INFOPLIST_KEY_UILaunchScreen_Generation = YES;
				INFOPLIST_KEY_UISupportedInterfaceOrientations_iPad = "UIInterfaceOrientationPortrait UIInterfaceOrientationPortraitUpsideDown UIInterfaceOrientationLandscapeLeft UIInterfaceOrientationLandscapeRight";
				INFOPLIST_KEY_UISupportedInterfaceOrientations_iPhone = "UIInterfaceOrientationPortrait UIInterfaceOrientationLandscapeLeft UIInterfaceOrientationLandscapeRight";
				LD_RUNPATH_SEARCH_PATHS = (
					"$(inherited)",
					"@executable_path/Frameworks",
				);
				MARKETING_VERSION = 1.0;
				PRODUCT_BUNDLE_IDENTIFIER = com.antonsergeev88.ModalsInSwiftUI;
				PRODUCT_NAME = "$(TARGET_NAME)";
				SWIFT_EMIT_LOC_STRINGS = YES;
				SWIFT_VERSION = 5.0;
				TARGETED_DEVICE_FAMILY = "1,2";
			};
			name = Debug;
		};
		5FA6BDA029715641006F76E6 /* Release */ = {
			isa = XCBuildConfiguration;
			buildSettings = {
				ASSETCATALOG_COMPILER_APPICON_NAME = AppIcon;
				ASSETCATALOG_COMPILER_GLOBAL_ACCENT_COLOR_NAME = AccentColor;
				CODE_SIGN_STYLE = Automatic;
				CURRENT_PROJECT_VERSION = 1;
				DEVELOPMENT_ASSET_PATHS = "\"ModalsInSwiftUI/Preview Content\"";
				DEVELOPMENT_TEAM = LJS4M4E7P5;
				ENABLE_PREVIEWS = YES;
				GENERATE_INFOPLIST_FILE = YES;
				INFOPLIST_KEY_UIApplicationSceneManifest_Generation = YES;
				INFOPLIST_KEY_UIApplicationSupportsIndirectInputEvents = YES;
				INFOPLIST_KEY_UILaunchScreen_Generation = YES;
				INFOPLIST_KEY_UISupportedInterfaceOrientations_iPad = "UIInterfaceOrientationPortrait UIInterfaceOrientationPortraitUpsideDown UIInterfaceOrientationLandscapeLeft UIInterfaceOrientationLandscapeRight";
				INFOPLIST_KEY_UISupportedInterfaceOrientations_iPhone = "UIInterfaceOrientationPortrait UIInterfaceOrientationLandscapeLeft UIInterfaceOrientationLandscapeRight";
				LD_RUNPATH_SEARCH_PATHS = (
					"$(inherited)",
					"@executable_path/Frameworks",
				);
				MARKETING_VERSION = 1.0;
				PRODUCT_BUNDLE_IDENTIFIER = com.antonsergeev88.ModalsInSwiftUI;
				PRODUCT_NAME = "$(TARGET_NAME)";
				SWIFT_EMIT_LOC_STRINGS = YES;
				SWIFT_VERSION = 5.0;
				TARGETED_DEVICE_FAMILY = "1,2";
			};
			name = Release;
		};
/* End XCBuildConfiguration section */

/* Begin XCConfigurationList section */
		5F2C758229768FD3001D8C16 /* Build configuration list for PBXNativeTarget "Notifications" */ = {
			isa = XCConfigurationList;
			buildConfigurations = (
				5F2C758029768FD3001D8C16 /* Debug */,
				5F2C758129768FD3001D8C16 /* Release */,
			);
			defaultConfigurationIsVisible = 0;
			defaultConfigurationName = Release;
		};
		5FA6BD8B29715640006F76E6 /* Build configuration list for PBXProject "ModalsInSwiftUI" */ = {
			isa = XCConfigurationList;
			buildConfigurations = (
				5FA6BD9C29715641006F76E6 /* Debug */,
				5FA6BD9D29715641006F76E6 /* Release */,
			);
			defaultConfigurationIsVisible = 0;
			defaultConfigurationName = Release;
		};
		5FA6BD9E29715641006F76E6 /* Build configuration list for PBXNativeTarget "ModalsInSwiftUI" */ = {
			isa = XCConfigurationList;
			buildConfigurations = (
				5FA6BD9F29715641006F76E6 /* Debug */,
				5FA6BDA029715641006F76E6 /* Release */,
			);
			defaultConfigurationIsVisible = 0;
			defaultConfigurationName = Release;
		};
/* End XCConfigurationList section */
	};
	rootObject = 5FA6BD8829715640006F76E6 /* Project object */;
}
